
Microsoft Visual Studio Solution File, Format Version 12.00
# Visual Studio Version 16
VisualStudioVersion = 16.0.30517.126
MinimumVisualStudioVersion = 10.0.40219.1
Project("{FAE04EC0-301F-11D3-BF4B-00C04F79EFBC}") = "QLBHTraiCayMVC_View", "QLBHTraiCayMVC_View\QLBHTraiCayMVC_View.csproj", "{4E65AB4D-87DF-4B73-97B5-7D56E44DFEF0}"
EndProject
Global
	GlobalSection(SolutionConfigurationPlatforms) = preSolution
		Debug|Any CPU = Debug|Any CPU
		Release|Any CPU = Release|Any CPU
	EndGlobalSection
	GlobalSection(ProjectConfigurationPlatforms) = postSolution
		{4E65AB4D-87DF-4B73-97B5-7D56E44DFEF0}.Debug|Any CPU.ActiveCfg = Debug|Any CPU
		{4E65AB4D-87DF-4B73-97B5-7D56E44DFEF0}.Debug|Any CPU.Build.0 = Debug|Any CPU
		{4E65AB4D-87DF-4B73-97B5-7D56E44DFEF0}.Release|Any CPU.ActiveCfg = Release|Any CPU
		{4E65AB4D-87DF-4B73-97B5-7D56E44DFEF0}.Release|Any CPU.Build.0 = Release|Any CPU
	EndGlobalSection
	GlobalSection(SolutionProperties) = preSolution
		HideSolutionNode = FALSE
	EndGlobalSection
	GlobalSection(ExtensibilityGlobals) = postSolution
		SolutionGuid = {E61AD353-F34A-45D1-93D1-94ADE6AF0247}
	EndGlobalSection
EndGlobal
